
Microsoft Visual Studio Solution File, Format Version 12.00
# Visual Studio Version 17
VisualStudioVersion = 17.4.33205.214
MinimumVisualStudioVersion = 10.0.40219.1
Project("{FAE04EC0-301F-11D3-BF4B-00C04F79EFBC}") = "WisejMVC", "WisejMVC.csproj", "{80470741-06F3-4D2E-AF30-3ECAC4549184}"
EndProject
Global
	GlobalSection(SolutionConfigurationPlatforms) = preSolution
		Debug|Any CPU = Debug|Any CPU
		Release|Any CPU = Release|Any CPU
	EndGlobalSection
	GlobalSection(ProjectConfigurationPlatforms) = postSolution
		{80470741-06F3-4D2E-AF30-3ECAC4549184}.Debug|Any CPU.ActiveCfg = Debug|Any CPU
		{80470741-06F3-4D2E-AF30-3ECAC4549184}.Debug|Any CPU.Build.0 = Debug|Any CPU
		{80470741-06F3-4D2E-AF30-3ECAC4549184}.Release|Any CPU.ActiveCfg = Release|Any CPU
		{80470741-06F3-4D2E-AF30-3ECAC4549184}.Release|Any CPU.Build.0 = Release|Any CPU
	EndGlobalSection
	GlobalSection(SolutionProperties) = preSolution
		HideSolutionNode = FALSE
	EndGlobalSection
	GlobalSection(ExtensibilityGlobals) = postSolution
		SolutionGuid = {F423DC43-C7A8-4935-99AB-387B0943054C}
	EndGlobalSection
EndGlobal
